
Microsoft Visual Studio Solution File, Format Version 12.00
# Visual Studio 15
VisualStudioVersion = 15.0.27428.2043
MinimumVisualStudioVersion = 10.0.40219.1
Project("{E24C65DC-7377-472B-9ABA-BC803B73C61A}") = "Kitap", "Kitap\", "{A132916E-FB02-4B95-8339-488BBC48BFC6}"
	ProjectSection(WebsiteProperties) = preProject
		TargetFrameworkMoniker = ".NETFramework,Version%3Dv4.6.1"
		Debug.AspNetCompiler.VirtualPath = "/localhost_54431"
		Debug.AspNetCompiler.PhysicalPath = "Kitap\"
		Debug.AspNetCompiler.TargetPath = "PrecompiledWeb\localhost_54431\"
		Debug.AspNetCompiler.Updateable = "true"
		Debug.AspNetCompiler.ForceOverwrite = "true"
		Debug.AspNetCompiler.FixedNames = "false"
		Debug.AspNetCompiler.Debug = "True"
		Release.AspNetCompiler.VirtualPath = "/localhost_54431"
		Release.AspNetCompiler.PhysicalPath = "Kitap\"
		Release.AspNetCompiler.TargetPath = "PrecompiledWeb\localhost_54431\"
		Release.AspNetCompiler.Updateable = "true"
		Release.AspNetCompiler.ForceOverwrite = "true"
		Release.AspNetCompiler.FixedNames = "false"
		Release.AspNetCompiler.Debug = "False"
		VWDPort = "54431"
		SlnRelativePath = "Kitap\"
		DefaultWebSiteLanguage = "Visual C#"
	EndProjectSection
EndProject
Global
	GlobalSection(SolutionConfigurationPlatforms) = preSolution
		Debug|Any CPU = Debug|Any CPU
	EndGlobalSection
	GlobalSection(ProjectConfigurationPlatforms) = postSolution
		{A132916E-FB02-4B95-8339-488BBC48BFC6}.Debug|Any CPU.ActiveCfg = Debug|Any CPU
		{A132916E-FB02-4B95-8339-488BBC48BFC6}.Debug|Any CPU.Build.0 = Debug|Any CPU
	EndGlobalSection
	GlobalSection(SolutionProperties) = preSolution
		HideSolutionNode = FALSE
	EndGlobalSection
	GlobalSection(ExtensibilityGlobals) = postSolution
		SolutionGuid = {19844A26-64D3-4228-A13A-EB556D6553D7}
	EndGlobalSection
EndGlobal
